{
  "name": "WalkthroughTutorial",
  "version": "1.0.0",
  "lockfileVersion": 1,
  "requires": true,
  "dependencies": {
    "@openui5/sap.m": {
      "version": "1.84.0",
      "resolved": "https://registry.npmjs.org/@openui5/sap.m/-/sap.m-1.84.0.tgz",
      "integrity": "sha512-ipmCdi/sBWwRoroeNZAhjVYM4vZAgYAWqYmnywc3Ixj5HzKe5hvuoYNwr8PxuadEoD9QqJtHuMcVoXojVWzUAA==",
      "requires": {
        "@openui5/sap.ui.core": "1.84.0",
        "@openui5/sap.ui.layout": "1.84.0",
        "@openui5/sap.ui.unified": "1.84.0"
      }
    },
    "@openui5/sap.ui.core": {
      "version": "1.84.0",
      "resolved": "https://registry.npmjs.org/@openui5/sap.ui.core/-/sap.ui.core-1.84.0.tgz",
      "integrity": "sha512-Om22Ln6jtFf4OOk286s2SCAzZ6bc1CQYPzqQKg2qWcqpGAxvPMLr920qxNSTh7vYmdmF6uYxIV1FzqaG0MTkoQ=="
    },
    "@openui5/sap.ui.layout": {
      "version": "1.84.0",
      "resolved": "https://registry.npmjs.org/@openui5/sap.ui.layout/-/sap.ui.layout-1.84.0.tgz",
      "integrity": "sha512-66rcq9FZ58t5qNtXrlMW8Ds90BEYMFHBf7+1IWkhmYDL11qQYWRM6AlJIIblyz/ExEczkQad7xCbcycJ9O+qvQ==",
      "requires": {
        "@openui5/sap.ui.core": "1.84.0"
      }
    },
    "@openui5/sap.ui.unified": {
      "version": "1.84.0",
      "resolved": "https://registry.npmjs.org/@openui5/sap.ui.unified/-/sap.ui.unified-1.84.0.tgz",
      "integrity": "sha512-6NiR7ZVv/6Szyo0k6jlQi6mYseSH73dWxBbKh6p4N1SU363/g3mGViAa8zpgLJ0Bak0VousKD9CyslbG76gErQ==",
      "requires": {
        "@openui5/sap.ui.core": "1.84.0"
      }
    },
    "@openui5/themelib_sap_fiori_3": {
      "version": "1.84.0",
      "resolved": "https://registry.npmjs.org/@openui5/themelib_sap_fiori_3/-/themelib_sap_fiori_3-1.84.0.tgz",
      "integrity": "sha512-eETtVQ2HqTXoG/HkXmjwj/uS9jMBE/JGNmOwbegpUwe3IXSW83GTGAOxH0iV9rSWHmEJt2hEVRMCtuZHKlW9eA=="
    },
    "cors": {
      "version": "2.8.5",
      "resolved": "https://registry.npmjs.org/cors/-/cors-2.8.5.tgz",
      "integrity": "sha512-KIHbLJqu73RGr/hnbrO9uBeixNGuvSQjul/jdFvS/KFSIH1hWVd1ng7zOHx+YrEfInLG7q4n6GHQ9cDtxv/P6g==",
      "requires": {
        "object-assign": "^4",
        "vary": "^1"
      }
    },
    "object-assign": {
      "version": "4.1.1",
      "resolved": "https://registry.npmjs.org/object-assign/-/object-assign-4.1.1.tgz",
      "integrity": "sha1-IQmtx5ZYh8/AXLvUQsrIv7s2CGM="
    },
    "vary": {
      "version": "1.1.2",
      "resolved": "https://registry.npmjs.org/vary/-/vary-1.1.2.tgz",
      "integrity": "sha1-IpnwLG3tMNSllhsLn3RSShj2NPw="
    }
  }
}
